
Microsoft Visual Studio Solution File, Format Version 12.00
# Visual Studio Version 17
VisualStudioVersion = 17.10.35122.118
MinimumVisualStudioVersion = 10.0.40219.1
Project("{FAE04EC0-301F-11D3-BF4B-00C04F79EFBC}") = "for-example", "for-example\for-example.csproj", "{EA4FC8AC-2788-45C2-9E1E-970F1D78771D}"
EndProject
Global
	GlobalSection(SolutionConfigurationPlatforms) = preSolution
		Debug|Any CPU = Debug|Any CPU
		Release|Any CPU = Release|Any CPU
	EndGlobalSection
	GlobalSection(ProjectConfigurationPlatforms) = postSolution
		{EA4FC8AC-2788-45C2-9E1E-970F1D78771D}.Debug|Any CPU.ActiveCfg = Debug|Any CPU
		{EA4FC8AC-2788-45C2-9E1E-970F1D78771D}.Debug|Any CPU.Build.0 = Debug|Any CPU
		{EA4FC8AC-2788-45C2-9E1E-970F1D78771D}.Release|Any CPU.ActiveCfg = Release|Any CPU
		{EA4FC8AC-2788-45C2-9E1E-970F1D78771D}.Release|Any CPU.Build.0 = Release|Any CPU
	EndGlobalSection
	GlobalSection(SolutionProperties) = preSolution
		HideSolutionNode = FALSE
	EndGlobalSection
	GlobalSection(ExtensibilityGlobals) = postSolution
		SolutionGuid = {4A6E99D6-11A6-4EE9-95F4-F4734C3BC9C1}
	EndGlobalSection
EndGlobal
