
Microsoft Visual Studio Solution File, Format Version 12.00
# Visual Studio Version 17
VisualStudioVersion = 17.11.35303.130
MinimumVisualStudioVersion = 10.0.40219.1
Project("{9A19103F-16F7-4668-BE54-9A1E7A4F7556}") = "methods-example", "methods-example.csproj", "{64CD165D-63B7-429C-A890-7479C03F4707}"
EndProject
Project("{FAE04EC0-301F-11D3-BF4B-00C04F79EFBC}") = "ClassLibrary", "ClassLibrary\ClassLibrary.csproj", "{6627C5AC-D128-4BAB-8E79-EE759E9C2A15}"
EndProject
Global
	GlobalSection(SolutionConfigurationPlatforms) = preSolution
		Debug|Any CPU = Debug|Any CPU
		Release|Any CPU = Release|Any CPU
	EndGlobalSection
	GlobalSection(ProjectConfigurationPlatforms) = postSolution
		{64CD165D-63B7-429C-A890-7479C03F4707}.Debug|Any CPU.ActiveCfg = Debug|Any CPU
		{64CD165D-63B7-429C-A890-7479C03F4707}.Debug|Any CPU.Build.0 = Debug|Any CPU
		{64CD165D-63B7-429C-A890-7479C03F4707}.Release|Any CPU.ActiveCfg = Release|Any CPU
		{64CD165D-63B7-429C-A890-7479C03F4707}.Release|Any CPU.Build.0 = Release|Any CPU
		{6627C5AC-D128-4BAB-8E79-EE759E9C2A15}.Debug|Any CPU.ActiveCfg = Debug|Any CPU
		{6627C5AC-D128-4BAB-8E79-EE759E9C2A15}.Debug|Any CPU.Build.0 = Debug|Any CPU
		{6627C5AC-D128-4BAB-8E79-EE759E9C2A15}.Release|Any CPU.ActiveCfg = Release|Any CPU
		{6627C5AC-D128-4BAB-8E79-EE759E9C2A15}.Release|Any CPU.Build.0 = Release|Any CPU
	EndGlobalSection
	GlobalSection(SolutionProperties) = preSolution
		HideSolutionNode = FALSE
	EndGlobalSection
	GlobalSection(ExtensibilityGlobals) = postSolution
		SolutionGuid = {85154891-5481-4FC2-BDD9-A60C8267128C}
	EndGlobalSection
EndGlobal
